
Microsoft Visual Studio Solution File, Format Version 12.00
# Visual Studio Version 17
VisualStudioVersion = 17.9.34701.34
MinimumVisualStudioVersion = 10.0.40219.1
Project("{FAE04EC0-301F-11D3-BF4B-00C04F79EFBC}") = "backen-dotnet", "backen-dotnet\backen-dotnet.csproj", "{90B63647-A403-48AC-849A-4DD2410D836D}"
EndProject
Project("{E53339B2-1760-4266-BCC7-CA923CBCF16C}") = "docker-compose", "docker-compose.dcproj", "{C13D9257-C8B1-4EDB-8B78-83D454ECF637}"
EndProject
Global
	GlobalSection(SolutionConfigurationPlatforms) = preSolution
		Debug|Any CPU = Debug|Any CPU
		Release|Any CPU = Release|Any CPU
	EndGlobalSection
	GlobalSection(ProjectConfigurationPlatforms) = postSolution
		{90B63647-A403-48AC-849A-4DD2410D836D}.Debug|Any CPU.ActiveCfg = Debug|Any CPU
		{90B63647-A403-48AC-849A-4DD2410D836D}.Debug|Any CPU.Build.0 = Debug|Any CPU
		{90B63647-A403-48AC-849A-4DD2410D836D}.Release|Any CPU.ActiveCfg = Release|Any CPU
		{90B63647-A403-48AC-849A-4DD2410D836D}.Release|Any CPU.Build.0 = Release|Any CPU
		{C13D9257-C8B1-4EDB-8B78-83D454ECF637}.Debug|Any CPU.ActiveCfg = Debug|Any CPU
		{C13D9257-C8B1-4EDB-8B78-83D454ECF637}.Debug|Any CPU.Build.0 = Debug|Any CPU
		{C13D9257-C8B1-4EDB-8B78-83D454ECF637}.Release|Any CPU.ActiveCfg = Release|Any CPU
		{C13D9257-C8B1-4EDB-8B78-83D454ECF637}.Release|Any CPU.Build.0 = Release|Any CPU
	EndGlobalSection
	GlobalSection(SolutionProperties) = preSolution
		HideSolutionNode = FALSE
	EndGlobalSection
	GlobalSection(ExtensibilityGlobals) = postSolution
		SolutionGuid = {3959E252-22D0-4AD7-954F-86B02F6573B3}
	EndGlobalSection
EndGlobal
